
Microsoft Visual Studio Solution File, Format Version 12.00
# Visual Studio Version 17
VisualStudioVersion = 17.3.32929.385
MinimumVisualStudioVersion = 10.0.40219.1
Project("{FAE04EC0-301F-11D3-BF4B-00C04F79EFBC}") = "Server", "Server\Server.csproj", "{A39285D4-9ABC-4B45-8D78-DB99631F355F}"
EndProject
Project("{FAE04EC0-301F-11D3-BF4B-00C04F79EFBC}") = "Client", "Client\Client.csproj", "{A1F0836D-FA74-4F86-ABCE-44F810AF21C9}"
EndProject
Project("{FAE04EC0-301F-11D3-BF4B-00C04F79EFBC}") = "ChatClient", "ChatClient\ChatClient.csproj", "{ACACB5D3-DE73-4C14-89FE-571BD828DD86}"
EndProject
Global
	GlobalSection(SolutionConfigurationPlatforms) = preSolution
		Debug|Any CPU = Debug|Any CPU
		Release|Any CPU = Release|Any CPU
	EndGlobalSection
	GlobalSection(ProjectConfigurationPlatforms) = postSolution
		{A39285D4-9ABC-4B45-8D78-DB99631F355F}.Debug|Any CPU.ActiveCfg = Debug|Any CPU
		{A39285D4-9ABC-4B45-8D78-DB99631F355F}.Debug|Any CPU.Build.0 = Debug|Any CPU
		{A39285D4-9ABC-4B45-8D78-DB99631F355F}.Release|Any CPU.ActiveCfg = Release|Any CPU
		{A39285D4-9ABC-4B45-8D78-DB99631F355F}.Release|Any CPU.Build.0 = Release|Any CPU
		{A1F0836D-FA74-4F86-ABCE-44F810AF21C9}.Debug|Any CPU.ActiveCfg = Debug|Any CPU
		{A1F0836D-FA74-4F86-ABCE-44F810AF21C9}.Debug|Any CPU.Build.0 = Debug|Any CPU
		{A1F0836D-FA74-4F86-ABCE-44F810AF21C9}.Release|Any CPU.ActiveCfg = Release|Any CPU
		{A1F0836D-FA74-4F86-ABCE-44F810AF21C9}.Release|Any CPU.Build.0 = Release|Any CPU
		{ACACB5D3-DE73-4C14-89FE-571BD828DD86}.Debug|Any CPU.ActiveCfg = Debug|Any CPU
		{ACACB5D3-DE73-4C14-89FE-571BD828DD86}.Debug|Any CPU.Build.0 = Debug|Any CPU
		{ACACB5D3-DE73-4C14-89FE-571BD828DD86}.Release|Any CPU.ActiveCfg = Release|Any CPU
		{ACACB5D3-DE73-4C14-89FE-571BD828DD86}.Release|Any CPU.Build.0 = Release|Any CPU
	EndGlobalSection
	GlobalSection(SolutionProperties) = preSolution
		HideSolutionNode = FALSE
	EndGlobalSection
	GlobalSection(ExtensibilityGlobals) = postSolution
		SolutionGuid = {0778F56E-4153-4637-B303-CAD1884978CA}
	EndGlobalSection
EndGlobal
